// !$*UTF8*$!
{
	archiveVersion = 1;
	classes = {
	};
	objectVersion = 50;
	objects = {

/* Begin PBXBuildFile section */
		46383802275BAF40006333ED /* funcs.c in Sources */ = {isa = PBXBuildFile; fileRef = 46383801275BAF40006333ED /* funcs.c */; };
		4680A139275A6EAE003A9EC5 /* main.c in Sources */ = {isa = PBXBuildFile; fileRef = 4680A138275A6EAE003A9EC5 /* main.c */; };
		4680A141275A6F13003A9EC5 /* libmlx.dylib in Frameworks */ = {isa = PBXBuildFile; fileRef = 4680A140275A6F13003A9EC5 /* libmlx.dylib */; };
		4680A142275A6F13003A9EC5 /* libmlx.dylib in Embed Libraries */ = {isa = PBXBuildFile; fileRef = 4680A140275A6F13003A9EC5 /* libmlx.dylib */; settings = {ATTRIBUTES = (CodeSignOnCopy, ); }; };
		4680A1E6275A7C91003A9EC5 /* Makefile in Sources */ = {isa = PBXBuildFile; fileRef = 4680A1E5275A7C91003A9EC5 /* Makefile */; };
		4680A216275A9B13003A9EC5 /* ft_atoi.c in Sources */ = {isa = PBXBuildFile; fileRef = 4680A1E9275A9B13003A9EC5 /* ft_atoi.c */; };
		4680A217275A9B13003A9EC5 /* ft_bzero.c in Sources */ = {isa = PBXBuildFile; fileRef = 4680A1EA275A9B13003A9EC5 /* ft_bzero.c */; };
		4680A218275A9B13003A9EC5 /* ft_calloc.c in Sources */ = {isa = PBXBuildFile; fileRef = 4680A1EB275A9B13003A9EC5 /* ft_calloc.c */; };
		4680A219275A9B13003A9EC5 /* ft_isalnum.c in Sources */ = {isa = PBXBuildFile; fileRef = 4680A1EC275A9B13003A9EC5 /* ft_isalnum.c */; };
		4680A21A275A9B13003A9EC5 /* ft_isalpha.c in Sources */ = {isa = PBXBuildFile; fileRef = 4680A1ED275A9B13003A9EC5 /* ft_isalpha.c */; };
		4680A21B275A9B13003A9EC5 /* ft_isascii.c in Sources */ = {isa = PBXBuildFile; fileRef = 4680A1EE275A9B13003A9EC5 /* ft_isascii.c */; };
		4680A21C275A9B13003A9EC5 /* ft_isdigit.c in Sources */ = {isa = PBXBuildFile; fileRef = 4680A1EF275A9B13003A9EC5 /* ft_isdigit.c */; };
		4680A21D275A9B13003A9EC5 /* ft_isprint.c in Sources */ = {isa = PBXBuildFile; fileRef = 4680A1F0275A9B13003A9EC5 /* ft_isprint.c */; };
		4680A21E275A9B13003A9EC5 /* ft_itoa.c in Sources */ = {isa = PBXBuildFile; fileRef = 4680A1F1275A9B13003A9EC5 /* ft_itoa.c */; };
		4680A21F275A9B13003A9EC5 /* ft_lstadd_back.c in Sources */ = {isa = PBXBuildFile; fileRef = 4680A1F2275A9B13003A9EC5 /* ft_lstadd_back.c */; };
		4680A220275A9B13003A9EC5 /* ft_lstadd_front.c in Sources */ = {isa = PBXBuildFile; fileRef = 4680A1F3275A9B13003A9EC5 /* ft_lstadd_front.c */; };
		4680A221275A9B13003A9EC5 /* ft_lstclear.c in Sources */ = {isa = PBXBuildFile; fileRef = 4680A1F4275A9B13003A9EC5 /* ft_lstclear.c */; };
		4680A222275A9B13003A9EC5 /* ft_lstdelone.c in Sources */ = {isa = PBXBuildFile; fileRef = 4680A1F5275A9B13003A9EC5 /* ft_lstdelone.c */; };
		4680A223275A9B13003A9EC5 /* ft_lstiter.c in Sources */ = {isa = PBXBuildFile; fileRef = 4680A1F6275A9B13003A9EC5 /* ft_lstiter.c */; };
		4680A224275A9B13003A9EC5 /* ft_lstlast.c in Sources */ = {isa = PBXBuildFile; fileRef = 4680A1F7275A9B13003A9EC5 /* ft_lstlast.c */; };
		4680A225275A9B13003A9EC5 /* ft_lstmap.c in Sources */ = {isa = PBXBuildFile; fileRef = 4680A1F8275A9B13003A9EC5 /* ft_lstmap.c */; };
		4680A226275A9B13003A9EC5 /* ft_lstnew.c in Sources */ = {isa = PBXBuildFile; fileRef = 4680A1F9275A9B13003A9EC5 /* ft_lstnew.c */; };
		4680A227275A9B13003A9EC5 /* ft_lstsize.c in Sources */ = {isa = PBXBuildFile; fileRef = 4680A1FA275A9B13003A9EC5 /* ft_lstsize.c */; };
		4680A228275A9B13003A9EC5 /* ft_memccpy.c in Sources */ = {isa = PBXBuildFile; fileRef = 4680A1FB275A9B13003A9EC5 /* ft_memccpy.c */; };
		4680A229275A9B13003A9EC5 /* ft_memchr.c in Sources */ = {isa = PBXBuildFile; fileRef = 4680A1FC275A9B13003A9EC5 /* ft_memchr.c */; };
		4680A22A275A9B13003A9EC5 /* ft_memcmp.c in Sources */ = {isa = PBXBuildFile; fileRef = 4680A1FD275A9B13003A9EC5 /* ft_memcmp.c */; };
		4680A22B275A9B13003A9EC5 /* ft_memcpy.c in Sources */ = {isa = PBXBuildFile; fileRef = 4680A1FE275A9B13003A9EC5 /* ft_memcpy.c */; };
		4680A22C275A9B13003A9EC5 /* ft_memmove.c in Sources */ = {isa = PBXBuildFile; fileRef = 4680A1FF275A9B13003A9EC5 /* ft_memmove.c */; };
		4680A22D275A9B13003A9EC5 /* ft_memset.c in Sources */ = {isa = PBXBuildFile; fileRef = 4680A200275A9B13003A9EC5 /* ft_memset.c */; };
		4680A22E275A9B13003A9EC5 /* ft_putchar_fd.c in Sources */ = {isa = PBXBuildFile; fileRef = 4680A201275A9B13003A9EC5 /* ft_putchar_fd.c */; };
		4680A22F275A9B13003A9EC5 /* ft_putendl_fd.c in Sources */ = {isa = PBXBuildFile; fileRef = 4680A202275A9B13003A9EC5 /* ft_putendl_fd.c */; };
		4680A230275A9B13003A9EC5 /* ft_putnbr_fd.c in Sources */ = {isa = PBXBuildFile; fileRef = 4680A203275A9B13003A9EC5 /* ft_putnbr_fd.c */; };
		4680A231275A9B13003A9EC5 /* ft_putstr_fd.c in Sources */ = {isa = PBXBuildFile; fileRef = 4680A204275A9B13003A9EC5 /* ft_putstr_fd.c */; };
		4680A232275A9B13003A9EC5 /* ft_split.c in Sources */ = {isa = PBXBuildFile; fileRef = 4680A205275A9B13003A9EC5 /* ft_split.c */; };
		4680A233275A9B13003A9EC5 /* ft_strchr.c in Sources */ = {isa = PBXBuildFile; fileRef = 4680A206275A9B13003A9EC5 /* ft_strchr.c */; };
		4680A234275A9B13003A9EC5 /* ft_strdup.c in Sources */ = {isa = PBXBuildFile; fileRef = 4680A207275A9B13003A9EC5 /* ft_strdup.c */; };
		4680A235275A9B13003A9EC5 /* ft_strjoin.c in Sources */ = {isa = PBXBuildFile; fileRef = 4680A208275A9B13003A9EC5 /* ft_strjoin.c */; };
		4680A236275A9B13003A9EC5 /* ft_strlcat.c in Sources */ = {isa = PBXBuildFile; fileRef = 4680A209275A9B13003A9EC5 /* ft_strlcat.c */; };
		4680A237275A9B13003A9EC5 /* ft_strlcpy.c in Sources */ = {isa = PBXBuildFile; fileRef = 4680A20A275A9B13003A9EC5 /* ft_strlcpy.c */; };
		4680A238275A9B13003A9EC5 /* ft_strlen.c in Sources */ = {isa = PBXBuildFile; fileRef = 4680A20B275A9B13003A9EC5 /* ft_strlen.c */; };
		4680A239275A9B13003A9EC5 /* ft_strmapi.c in Sources */ = {isa = PBXBuildFile; fileRef = 4680A20C275A9B13003A9EC5 /* ft_strmapi.c */; };
		4680A23A275A9B13003A9EC5 /* ft_strncmp.c in Sources */ = {isa = PBXBuildFile; fileRef = 4680A20D275A9B13003A9EC5 /* ft_strncmp.c */; };
		4680A23B275A9B13003A9EC5 /* ft_strnstr.c in Sources */ = {isa = PBXBuildFile; fileRef = 4680A20E275A9B13003A9EC5 /* ft_strnstr.c */; };
		4680A23C275A9B13003A9EC5 /* ft_strrchr.c in Sources */ = {isa = PBXBuildFile; fileRef = 4680A20F275A9B13003A9EC5 /* ft_strrchr.c */; };
		4680A23D275A9B13003A9EC5 /* ft_strtrim.c in Sources */ = {isa = PBXBuildFile; fileRef = 4680A210275A9B13003A9EC5 /* ft_strtrim.c */; };
		4680A23E275A9B13003A9EC5 /* ft_substr.c in Sources */ = {isa = PBXBuildFile; fileRef = 4680A211275A9B13003A9EC5 /* ft_substr.c */; };
		4680A23F275A9B13003A9EC5 /* ft_tolower.c in Sources */ = {isa = PBXBuildFile; fileRef = 4680A212275A9B13003A9EC5 /* ft_tolower.c */; };
		4680A240275A9B13003A9EC5 /* ft_toupper.c in Sources */ = {isa = PBXBuildFile; fileRef = 4680A213275A9B13003A9EC5 /* ft_toupper.c */; };
		4680A241275A9B13003A9EC5 /* Makefile in Sources */ = {isa = PBXBuildFile; fileRef = 4680A215275A9B13003A9EC5 /* Makefile */; };
		4680A244275AA126003A9EC5 /* gnl.c in Sources */ = {isa = PBXBuildFile; fileRef = 4680A243275AA126003A9EC5 /* gnl.c */; };
/* End PBXBuildFile section */

/* Begin PBXCopyFilesBuildPhase section */
		4680A133275A6EAE003A9EC5 /* CopyFiles */ = {
			isa = PBXCopyFilesBuildPhase;
			buildActionMask = 2147483647;
			dstPath = /usr/share/man/man1/;
			dstSubfolderSpec = 0;
			files = (
			);
			runOnlyForDeploymentPostprocessing = 1;
		};
		4680A143275A6F13003A9EC5 /* Embed Libraries */ = {
			isa = PBXCopyFilesBuildPhase;
			buildActionMask = 2147483647;
			dstPath = "";
			dstSubfolderSpec = 10;
			files = (
				4680A142275A6F13003A9EC5 /* libmlx.dylib in Embed Libraries */,
			);
			name = "Embed Libraries";
			runOnlyForDeploymentPostprocessing = 0;
		};
/* End PBXCopyFilesBuildPhase section */

/* Begin PBXFileReference section */
		46383801275BAF40006333ED /* funcs.c */ = {isa = PBXFileReference; lastKnownFileType = sourcecode.c.c; path = funcs.c; sourceTree = "<group>"; };
		4680A135275A6EAE003A9EC5 /* cub3D */ = {isa = PBXFileReference; explicitFileType = "compiled.mach-o.executable"; includeInIndex = 0; path = cub3D; sourceTree = BUILT_PRODUCTS_DIR; };
		4680A138275A6EAE003A9EC5 /* main.c */ = {isa = PBXFileReference; lastKnownFileType = sourcecode.c.c; path = main.c; sourceTree = "<group>"; };
		4680A140275A6F13003A9EC5 /* libmlx.dylib */ = {isa = PBXFileReference; lastKnownFileType = "compiled.mach-o.dylib"; name = libmlx.dylib; path = cub3D/minilibx_mms/libmlx.dylib; sourceTree = "<group>"; };
		4680A144275A6F55003A9EC5 /* cub3D.h */ = {isa = PBXFileReference; lastKnownFileType = sourcecode.c.h; path = cub3D.h; sourceTree = "<group>"; };
		4680A147275A783C003A9EC5 /* map.cub */ = {isa = PBXFileReference; lastKnownFileType = text; path = map.cub; sourceTree = "<group>"; };
		4680A148275A7882003A9EC5 /* map2.cub */ = {isa = PBXFileReference; lastKnownFileType = text; path = map2.cub; sourceTree = "<group>"; };
		4680A1E5275A7C91003A9EC5 /* Makefile */ = {isa = PBXFileReference; lastKnownFileType = sourcecode.make; path = Makefile; sourceTree = "<group>"; };
		4680A1E9275A9B13003A9EC5 /* ft_atoi.c */ = {isa = PBXFileReference; fileEncoding = 4; lastKnownFileType = sourcecode.c.c; path = ft_atoi.c; sourceTree = "<group>"; };
		4680A1EA275A9B13003A9EC5 /* ft_bzero.c */ = {isa = PBXFileReference; fileEncoding = 4; lastKnownFileType = sourcecode.c.c; path = ft_bzero.c; sourceTree = "<group>"; };
		4680A1EB275A9B13003A9EC5 /* ft_calloc.c */ = {isa = PBXFileReference; fileEncoding = 4; lastKnownFileType = sourcecode.c.c; path = ft_calloc.c; sourceTree = "<group>"; };
		4680A1EC275A9B13003A9EC5 /* ft_isalnum.c */ = {isa = PBXFileReference; fileEncoding = 4; lastKnownFileType = sourcecode.c.c; path = ft_isalnum.c; sourceTree = "<group>"; };
		4680A1ED275A9B13003A9EC5 /* ft_isalpha.c */ = {isa = PBXFileReference; fileEncoding = 4; lastKnownFileType = sourcecode.c.c; path = ft_isalpha.c; sourceTree = "<group>"; };
		4680A1EE275A9B13003A9EC5 /* ft_isascii.c */ = {isa = PBXFileReference; fileEncoding = 4; lastKnownFileType = sourcecode.c.c; path = ft_isascii.c; sourceTree = "<group>"; };
		4680A1EF275A9B13003A9EC5 /* ft_isdigit.c */ = {isa = PBXFileReference; fileEncoding = 4; lastKnownFileType = sourcecode.c.c; path = ft_isdigit.c; sourceTree = "<group>"; };
		4680A1F0275A9B13003A9EC5 /* ft_isprint.c */ = {isa = PBXFileReference; fileEncoding = 4; lastKnownFileType = sourcecode.c.c; path = ft_isprint.c; sourceTree = "<group>"; };
		4680A1F1275A9B13003A9EC5 /* ft_itoa.c */ = {isa = PBXFileReference; fileEncoding = 4; lastKnownFileType = sourcecode.c.c; path = ft_itoa.c; sourceTree = "<group>"; };
		4680A1F2275A9B13003A9EC5 /* ft_lstadd_back.c */ = {isa = PBXFileReference; fileEncoding = 4; lastKnownFileType = sourcecode.c.c; path = ft_lstadd_back.c; sourceTree = "<group>"; };
		4680A1F3275A9B13003A9EC5 /* ft_lstadd_front.c */ = {isa = PBXFileReference; fileEncoding = 4; lastKnownFileType = sourcecode.c.c; path = ft_lstadd_front.c; sourceTree = "<group>"; };
		4680A1F4275A9B13003A9EC5 /* ft_lstclear.c */ = {isa = PBXFileReference; fileEncoding = 4; lastKnownFileType = sourcecode.c.c; path = ft_lstclear.c; sourceTree = "<group>"; };
		4680A1F5275A9B13003A9EC5 /* ft_lstdelone.c */ = {isa = PBXFileReference; fileEncoding = 4; lastKnownFileType = sourcecode.c.c; path = ft_lstdelone.c; sourceTree = "<group>"; };
		4680A1F6275A9B13003A9EC5 /* ft_lstiter.c */ = {isa = PBXFileReference; fileEncoding = 4; lastKnownFileType = sourcecode.c.c; path = ft_lstiter.c; sourceTree = "<group>"; };
		4680A1F7275A9B13003A9EC5 /* ft_lstlast.c */ = {isa = PBXFileReference; fileEncoding = 4; lastKnownFileType = sourcecode.c.c; path = ft_lstlast.c; sourceTree = "<group>"; };
		4680A1F8275A9B13003A9EC5 /* ft_lstmap.c */ = {isa = PBXFileReference; fileEncoding = 4; lastKnownFileType = sourcecode.c.c; path = ft_lstmap.c; sourceTree = "<group>"; };
		4680A1F9275A9B13003A9EC5 /* ft_lstnew.c */ = {isa = PBXFileReference; fileEncoding = 4; lastKnownFileType = sourcecode.c.c; path = ft_lstnew.c; sourceTree = "<group>"; };
		4680A1FA275A9B13003A9EC5 /* ft_lstsize.c */ = {isa = PBXFileReference; fileEncoding = 4; lastKnownFileType = sourcecode.c.c; path = ft_lstsize.c; sourceTree = "<group>"; };
		4680A1FB275A9B13003A9EC5 /* ft_memccpy.c */ = {isa = PBXFileReference; fileEncoding = 4; lastKnownFileType = sourcecode.c.c; path = ft_memccpy.c; sourceTree = "<group>"; };
		4680A1FC275A9B13003A9EC5 /* ft_memchr.c */ = {isa = PBXFileReference; fileEncoding = 4; lastKnownFileType = sourcecode.c.c; path = ft_memchr.c; sourceTree = "<group>"; };
		4680A1FD275A9B13003A9EC5 /* ft_memcmp.c */ = {isa = PBXFileReference; fileEncoding = 4; lastKnownFileType = sourcecode.c.c; path = ft_memcmp.c; sourceTree = "<group>"; };
		4680A1FE275A9B13003A9EC5 /* ft_memcpy.c */ = {isa = PBXFileReference; fileEncoding = 4; lastKnownFileType = sourcecode.c.c; path = ft_memcpy.c; sourceTree = "<group>"; };
		4680A1FF275A9B13003A9EC5 /* ft_memmove.c */ = {isa = PBXFileReference; fileEncoding = 4; lastKnownFileType = sourcecode.c.c; path = ft_memmove.c; sourceTree = "<group>"; };
		4680A200275A9B13003A9EC5 /* ft_memset.c */ = {isa = PBXFileReference; fileEncoding = 4; lastKnownFileType = sourcecode.c.c; path = ft_memset.c; sourceTree = "<group>"; };
		4680A201275A9B13003A9EC5 /* ft_putchar_fd.c */ = {isa = PBXFileReference; fileEncoding = 4; lastKnownFileType = sourcecode.c.c; path = ft_putchar_fd.c; sourceTree = "<group>"; };
		4680A202275A9B13003A9EC5 /* ft_putendl_fd.c */ = {isa = PBXFileReference; fileEncoding = 4; lastKnownFileType = sourcecode.c.c; path = ft_putendl_fd.c; sourceTree = "<group>"; };
		4680A203275A9B13003A9EC5 /* ft_putnbr_fd.c */ = {isa = PBXFileReference; fileEncoding = 4; lastKnownFileType = sourcecode.c.c; path = ft_putnbr_fd.c; sourceTree = "<group>"; };
		4680A204275A9B13003A9EC5 /* ft_putstr_fd.c */ = {isa = PBXFileReference; fileEncoding = 4; lastKnownFileType = sourcecode.c.c; path = ft_putstr_fd.c; sourceTree = "<group>"; };
		4680A205275A9B13003A9EC5 /* ft_split.c */ = {isa = PBXFileReference; fileEncoding = 4; lastKnownFileType = sourcecode.c.c; path = ft_split.c; sourceTree = "<group>"; };
		4680A206275A9B13003A9EC5 /* ft_strchr.c */ = {isa = PBXFileReference; fileEncoding = 4; lastKnownFileType = sourcecode.c.c; path = ft_strchr.c; sourceTree = "<group>"; };
		4680A207275A9B13003A9EC5 /* ft_strdup.c */ = {isa = PBXFileReference; fileEncoding = 4; lastKnownFileType = sourcecode.c.c; path = ft_strdup.c; sourceTree = "<group>"; };
		4680A208275A9B13003A9EC5 /* ft_strjoin.c */ = {isa = PBXFileReference; fileEncoding = 4; lastKnownFileType = sourcecode.c.c; path = ft_strjoin.c; sourceTree = "<group>"; };
		4680A209275A9B13003A9EC5 /* ft_strlcat.c */ = {isa = PBXFileReference; fileEncoding = 4; lastKnownFileType = sourcecode.c.c; path = ft_strlcat.c; sourceTree = "<group>"; };
		4680A20A275A9B13003A9EC5 /* ft_strlcpy.c */ = {isa = PBXFileReference; fileEncoding = 4; lastKnownFileType = sourcecode.c.c; path = ft_strlcpy.c; sourceTree = "<group>"; };
		4680A20B275A9B13003A9EC5 /* ft_strlen.c */ = {isa = PBXFileReference; fileEncoding = 4; lastKnownFileType = sourcecode.c.c; path = ft_strlen.c; sourceTree = "<group>"; };
		4680A20C275A9B13003A9EC5 /* ft_strmapi.c */ = {isa = PBXFileReference; fileEncoding = 4; lastKnownFileType = sourcecode.c.c; path = ft_strmapi.c; sourceTree = "<group>"; };
		4680A20D275A9B13003A9EC5 /* ft_strncmp.c */ = {isa = PBXFileReference; fileEncoding = 4; lastKnownFileType = sourcecode.c.c; path = ft_strncmp.c; sourceTree = "<group>"; };
		4680A20E275A9B13003A9EC5 /* ft_strnstr.c */ = {isa = PBXFileReference; fileEncoding = 4; lastKnownFileType = sourcecode.c.c; path = ft_strnstr.c; sourceTree = "<group>"; };
		4680A20F275A9B13003A9EC5 /* ft_strrchr.c */ = {isa = PBXFileReference; fileEncoding = 4; lastKnownFileType = sourcecode.c.c; path = ft_strrchr.c; sourceTree = "<group>"; };
		4680A210275A9B13003A9EC5 /* ft_strtrim.c */ = {isa = PBXFileReference; fileEncoding = 4; lastKnownFileType = sourcecode.c.c; path = ft_strtrim.c; sourceTree = "<group>"; };
		4680A211275A9B13003A9EC5 /* ft_substr.c */ = {isa = PBXFileReference; fileEncoding = 4; lastKnownFileType = sourcecode.c.c; path = ft_substr.c; sourceTree = "<group>"; };
		4680A212275A9B13003A9EC5 /* ft_tolower.c */ = {isa = PBXFileReference; fileEncoding = 4; lastKnownFileType = sourcecode.c.c; path = ft_tolower.c; sourceTree = "<group>"; };
		4680A213275A9B13003A9EC5 /* ft_toupper.c */ = {isa = PBXFileReference; fileEncoding = 4; lastKnownFileType = sourcecode.c.c; path = ft_toupper.c; sourceTree = "<group>"; };
		4680A214275A9B13003A9EC5 /* libft.h */ = {isa = PBXFileReference; fileEncoding = 4; lastKnownFileType = sourcecode.c.h; path = libft.h; sourceTree = "<group>"; };
		4680A215275A9B13003A9EC5 /* Makefile */ = {isa = PBXFileReference; fileEncoding = 4; lastKnownFileType = sourcecode.make; path = Makefile; sourceTree = "<group>"; };
		4680A242275A9B55003A9EC5 /* mab.cub */ = {isa = PBXFileReference; lastKnownFileType = text; path = mab.cub; sourceTree = "<group>"; };
		4680A243275AA126003A9EC5 /* gnl.c */ = {isa = PBXFileReference; lastKnownFileType = sourcecode.c.c; path = gnl.c; sourceTree = "<group>"; };
		46E5A5812761E1EA0071D199 /* big.cub */ = {isa = PBXFileReference; lastKnownFileType = text; path = big.cub; sourceTree = "<group>"; };
/* End PBXFileReference section */

/* Begin PBXFrameworksBuildPhase section */
		4680A132275A6EAE003A9EC5 /* Frameworks */ = {
			isa = PBXFrameworksBuildPhase;
			buildActionMask = 2147483647;
			files = (
				4680A141275A6F13003A9EC5 /* libmlx.dylib in Frameworks */,
			);
			runOnlyForDeploymentPostprocessing = 0;
		};
/* End PBXFrameworksBuildPhase section */

/* Begin PBXGroup section */
		4680A12C275A6EAE003A9EC5 = {
			isa = PBXGroup;
			children = (
				4680A137275A6EAE003A9EC5 /* cub3D */,
				4680A136275A6EAE003A9EC5 /* Products */,
				4680A13F275A6F13003A9EC5 /* Frameworks */,
			);
			sourceTree = "<group>";
		};
		4680A136275A6EAE003A9EC5 /* Products */ = {
			isa = PBXGroup;
			children = (
				4680A135275A6EAE003A9EC5 /* cub3D */,
			);
			name = Products;
			sourceTree = "<group>";
		};
		4680A137275A6EAE003A9EC5 /* cub3D */ = {
			isa = PBXGroup;
			children = (
				4680A138275A6EAE003A9EC5 /* main.c */,
				4680A1E5275A7C91003A9EC5 /* Makefile */,
				4680A144275A6F55003A9EC5 /* cub3D.h */,
				46383801275BAF40006333ED /* funcs.c */,
				4680A243275AA126003A9EC5 /* gnl.c */,
				4680A1E8275A9B13003A9EC5 /* Libft */,
				4680A146275A700A003A9EC5 /* maps */,
				4680A145275A6FF2003A9EC5 /* images */,
			);
			path = cub3D;
			sourceTree = "<group>";
		};
		4680A13F275A6F13003A9EC5 /* Frameworks */ = {
			isa = PBXGroup;
			children = (
				4680A140275A6F13003A9EC5 /* libmlx.dylib */,
			);
			name = Frameworks;
			sourceTree = "<group>";
		};
		4680A145275A6FF2003A9EC5 /* images */ = {
			isa = PBXGroup;
			children = (
			);
			path = images;
			sourceTree = "<group>";
		};
		4680A146275A700A003A9EC5 /* maps */ = {
			isa = PBXGroup;
			children = (
				4680A147275A783C003A9EC5 /* map.cub */,
				4680A242275A9B55003A9EC5 /* mab.cub */,
				46E5A5812761E1EA0071D199 /* big.cub */,
				4680A148275A7882003A9EC5 /* map2.cub */,
			);
			path = maps;
			sourceTree = "<group>";
		};
		4680A1E8275A9B13003A9EC5 /* Libft */ = {
			isa = PBXGroup;
			children = (
				4680A1E9275A9B13003A9EC5 /* ft_atoi.c */,
				4680A1EA275A9B13003A9EC5 /* ft_bzero.c */,
				4680A1EB275A9B13003A9EC5 /* ft_calloc.c */,
				4680A1EC275A9B13003A9EC5 /* ft_isalnum.c */,
				4680A1ED275A9B13003A9EC5 /* ft_isalpha.c */,
				4680A1EE275A9B13003A9EC5 /* ft_isascii.c */,
				4680A1EF275A9B13003A9EC5 /* ft_isdigit.c */,
				4680A1F0275A9B13003A9EC5 /* ft_isprint.c */,
				4680A1F1275A9B13003A9EC5 /* ft_itoa.c */,
				4680A1F2275A9B13003A9EC5 /* ft_lstadd_back.c */,
				4680A1F3275A9B13003A9EC5 /* ft_lstadd_front.c */,
				4680A1F4275A9B13003A9EC5 /* ft_lstclear.c */,
				4680A1F5275A9B13003A9EC5 /* ft_lstdelone.c */,
				4680A1F6275A9B13003A9EC5 /* ft_lstiter.c */,
				4680A1F7275A9B13003A9EC5 /* ft_lstlast.c */,
				4680A1F8275A9B13003A9EC5 /* ft_lstmap.c */,
				4680A1F9275A9B13003A9EC5 /* ft_lstnew.c */,
				4680A1FA275A9B13003A9EC5 /* ft_lstsize.c */,
				4680A1FB275A9B13003A9EC5 /* ft_memccpy.c */,
				4680A1FC275A9B13003A9EC5 /* ft_memchr.c */,
				4680A1FD275A9B13003A9EC5 /* ft_memcmp.c */,
				4680A1FE275A9B13003A9EC5 /* ft_memcpy.c */,
				4680A1FF275A9B13003A9EC5 /* ft_memmove.c */,
				4680A200275A9B13003A9EC5 /* ft_memset.c */,
				4680A201275A9B13003A9EC5 /* ft_putchar_fd.c */,
				4680A202275A9B13003A9EC5 /* ft_putendl_fd.c */,
				4680A203275A9B13003A9EC5 /* ft_putnbr_fd.c */,
				4680A204275A9B13003A9EC5 /* ft_putstr_fd.c */,
				4680A205275A9B13003A9EC5 /* ft_split.c */,
				4680A206275A9B13003A9EC5 /* ft_strchr.c */,
				4680A207275A9B13003A9EC5 /* ft_strdup.c */,
				4680A208275A9B13003A9EC5 /* ft_strjoin.c */,
				4680A209275A9B13003A9EC5 /* ft_strlcat.c */,
				4680A20A275A9B13003A9EC5 /* ft_strlcpy.c */,
				4680A20B275A9B13003A9EC5 /* ft_strlen.c */,
				4680A20C275A9B13003A9EC5 /* ft_strmapi.c */,
				4680A20D275A9B13003A9EC5 /* ft_strncmp.c */,
				4680A20E275A9B13003A9EC5 /* ft_strnstr.c */,
				4680A20F275A9B13003A9EC5 /* ft_strrchr.c */,
				4680A210275A9B13003A9EC5 /* ft_strtrim.c */,
				4680A211275A9B13003A9EC5 /* ft_substr.c */,
				4680A212275A9B13003A9EC5 /* ft_tolower.c */,
				4680A213275A9B13003A9EC5 /* ft_toupper.c */,
				4680A214275A9B13003A9EC5 /* libft.h */,
				4680A215275A9B13003A9EC5 /* Makefile */,
			);
			path = Libft;
			sourceTree = "<group>";
		};
/* End PBXGroup section */

/* Begin PBXNativeTarget section */
		4680A134275A6EAE003A9EC5 /* cub3D */ = {
			isa = PBXNativeTarget;
			buildConfigurationList = 4680A13C275A6EAE003A9EC5 /* Build configuration list for PBXNativeTarget "cub3D" */;
			buildPhases = (
				4680A131275A6EAE003A9EC5 /* Sources */,
				4680A132275A6EAE003A9EC5 /* Frameworks */,
				4680A133275A6EAE003A9EC5 /* CopyFiles */,
				4680A143275A6F13003A9EC5 /* Embed Libraries */,
			);
			buildRules = (
			);
			dependencies = (
			);
			name = cub3D;
			productName = cub3D;
			productReference = 4680A135275A6EAE003A9EC5 /* cub3D */;
			productType = "com.apple.product-type.tool";
		};
/* End PBXNativeTarget section */

/* Begin PBXProject section */
		4680A12D275A6EAE003A9EC5 /* Project object */ = {
			isa = PBXProject;
			attributes = {
				LastUpgradeCheck = 1130;
				ORGANIZATIONNAME = "Erebus Balgruuf";
				TargetAttributes = {
					4680A134275A6EAE003A9EC5 = {
						CreatedOnToolsVersion = 11.3.1;
					};
				};
			};
			buildConfigurationList = 4680A130275A6EAE003A9EC5 /* Build configuration list for PBXProject "cub3D" */;
			compatibilityVersion = "Xcode 9.3";
			developmentRegion = en;
			hasScannedForEncodings = 0;
			knownRegions = (
				en,
				Base,
			);
			mainGroup = 4680A12C275A6EAE003A9EC5;
			productRefGroup = 4680A136275A6EAE003A9EC5 /* Products */;
			projectDirPath = "";
			projectRoot = "";
			targets = (
				4680A134275A6EAE003A9EC5 /* cub3D */,
			);
		};
/* End PBXProject section */

/* Begin PBXSourcesBuildPhase section */
		4680A131275A6EAE003A9EC5 /* Sources */ = {
			isa = PBXSourcesBuildPhase;
			buildActionMask = 2147483647;
			files = (
				4680A241275A9B13003A9EC5 /* Makefile in Sources */,
				4680A1E6275A7C91003A9EC5 /* Makefile in Sources */,
				4680A234275A9B13003A9EC5 /* ft_strdup.c in Sources */,
				4680A23F275A9B13003A9EC5 /* ft_tolower.c in Sources */,
				4680A232275A9B13003A9EC5 /* ft_split.c in Sources */,
				4680A237275A9B13003A9EC5 /* ft_strlcpy.c in Sources */,
				4680A23C275A9B13003A9EC5 /* ft_strrchr.c in Sources */,
				4680A226275A9B13003A9EC5 /* ft_lstnew.c in Sources */,
				4680A221275A9B13003A9EC5 /* ft_lstclear.c in Sources */,
				4680A239275A9B13003A9EC5 /* ft_strmapi.c in Sources */,
				4680A139275A6EAE003A9EC5 /* main.c in Sources */,
				4680A238275A9B13003A9EC5 /* ft_strlen.c in Sources */,
				4680A220275A9B13003A9EC5 /* ft_lstadd_front.c in Sources */,
				4680A224275A9B13003A9EC5 /* ft_lstlast.c in Sources */,
				4680A22F275A9B13003A9EC5 /* ft_putendl_fd.c in Sources */,
				4680A217275A9B13003A9EC5 /* ft_bzero.c in Sources */,
				4680A228275A9B13003A9EC5 /* ft_memccpy.c in Sources */,
				4680A244275AA126003A9EC5 /* gnl.c in Sources */,
				4680A22B275A9B13003A9EC5 /* ft_memcpy.c in Sources */,
				4680A240275A9B13003A9EC5 /* ft_toupper.c in Sources */,
				4680A233275A9B13003A9EC5 /* ft_strchr.c in Sources */,
				4680A21B275A9B13003A9EC5 /* ft_isascii.c in Sources */,
				4680A236275A9B13003A9EC5 /* ft_strlcat.c in Sources */,
				4680A22C275A9B13003A9EC5 /* ft_memmove.c in Sources */,
				4680A219275A9B13003A9EC5 /* ft_isalnum.c in Sources */,
				4680A21A275A9B13003A9EC5 /* ft_isalpha.c in Sources */,
				4680A23A275A9B13003A9EC5 /* ft_strncmp.c in Sources */,
				4680A23D275A9B13003A9EC5 /* ft_strtrim.c in Sources */,
				4680A23B275A9B13003A9EC5 /* ft_strnstr.c in Sources */,
				4680A22E275A9B13003A9EC5 /* ft_putchar_fd.c in Sources */,
				4680A230275A9B13003A9EC5 /* ft_putnbr_fd.c in Sources */,
				4680A222275A9B13003A9EC5 /* ft_lstdelone.c in Sources */,
				4680A21F275A9B13003A9EC5 /* ft_lstadd_back.c in Sources */,
				4680A218275A9B13003A9EC5 /* ft_calloc.c in Sources */,
				4680A21E275A9B13003A9EC5 /* ft_itoa.c in Sources */,
				4680A21D275A9B13003A9EC5 /* ft_isprint.c in Sources */,
				4680A225275A9B13003A9EC5 /* ft_lstmap.c in Sources */,
				4680A229275A9B13003A9EC5 /* ft_memchr.c in Sources */,
				4680A227275A9B13003A9EC5 /* ft_lstsize.c in Sources */,
				46383802275BAF40006333ED /* funcs.c in Sources */,
				4680A223275A9B13003A9EC5 /* ft_lstiter.c in Sources */,
				4680A231275A9B13003A9EC5 /* ft_putstr_fd.c in Sources */,
				4680A22D275A9B13003A9EC5 /* ft_memset.c in Sources */,
				4680A23E275A9B13003A9EC5 /* ft_substr.c in Sources */,
				4680A216275A9B13003A9EC5 /* ft_atoi.c in Sources */,
				4680A235275A9B13003A9EC5 /* ft_strjoin.c in Sources */,
				4680A21C275A9B13003A9EC5 /* ft_isdigit.c in Sources */,
				4680A22A275A9B13003A9EC5 /* ft_memcmp.c in Sources */,
			);
			runOnlyForDeploymentPostprocessing = 0;
		};
/* End PBXSourcesBuildPhase section */

/* Begin XCBuildConfiguration section */
		4680A13A275A6EAE003A9EC5 /* Debug */ = {
			isa = XCBuildConfiguration;
			buildSettings = {
				ALWAYS_SEARCH_USER_PATHS = NO;
				CLANG_ANALYZER_NONNULL = YES;
				CLANG_ANALYZER_NUMBER_OBJECT_CONVERSION = YES_AGGRESSIVE;
				CLANG_CXX_LANGUAGE_STANDARD = "gnu++14";
				CLANG_CXX_LIBRARY = "libc++";
				CLANG_ENABLE_MODULES = YES;
				CLANG_ENABLE_OBJC_ARC = YES;
				CLANG_ENABLE_OBJC_WEAK = YES;
				CLANG_WARN_BLOCK_CAPTURE_AUTORELEASING = YES;
				CLANG_WARN_BOOL_CONVERSION = YES;
				CLANG_WARN_COMMA = YES;
				CLANG_WARN_CONSTANT_CONVERSION = YES;
				CLANG_WARN_DEPRECATED_OBJC_IMPLEMENTATIONS = YES;
				CLANG_WARN_DIRECT_OBJC_ISA_USAGE = YES_ERROR;
				CLANG_WARN_DOCUMENTATION_COMMENTS = YES;
				CLANG_WARN_EMPTY_BODY = YES;
				CLANG_WARN_ENUM_CONVERSION = YES;
				CLANG_WARN_INFINITE_RECURSION = YES;
				CLANG_WARN_INT_CONVERSION = YES;
				CLANG_WARN_NON_LITERAL_NULL_CONVERSION = YES;
				CLANG_WARN_OBJC_IMPLICIT_RETAIN_SELF = YES;
				CLANG_WARN_OBJC_LITERAL_CONVERSION = YES;
				CLANG_WARN_OBJC_ROOT_CLASS = YES_ERROR;
				CLANG_WARN_RANGE_LOOP_ANALYSIS = YES;
				CLANG_WARN_STRICT_PROTOTYPES = YES;
				CLANG_WARN_SUSPICIOUS_MOVE = YES;
				CLANG_WARN_UNGUARDED_AVAILABILITY = YES_AGGRESSIVE;
				CLANG_WARN_UNREACHABLE_CODE = YES;
				CLANG_WARN__DUPLICATE_METHOD_MATCH = YES;
				COPY_PHASE_STRIP = NO;
				DEBUG_INFORMATION_FORMAT = dwarf;
				ENABLE_STRICT_OBJC_MSGSEND = YES;
				ENABLE_TESTABILITY = YES;
				GCC_C_LANGUAGE_STANDARD = gnu11;
				GCC_DYNAMIC_NO_PIC = NO;
				GCC_NO_COMMON_BLOCKS = YES;
				GCC_OPTIMIZATION_LEVEL = 0;
				GCC_PREPROCESSOR_DEFINITIONS = (
					"DEBUG=1",
					"$(inherited)",
				);
				GCC_WARN_64_TO_32_BIT_CONVERSION = YES;
				GCC_WARN_ABOUT_RETURN_TYPE = YES_ERROR;
				GCC_WARN_UNDECLARED_SELECTOR = YES;
				GCC_WARN_UNINITIALIZED_AUTOS = YES_AGGRESSIVE;
				GCC_WARN_UNUSED_FUNCTION = YES;
				GCC_WARN_UNUSED_VARIABLE = YES;
				MACOSX_DEPLOYMENT_TARGET = 10.14;
				MTL_ENABLE_DEBUG_INFO = INCLUDE_SOURCE;
				MTL_FAST_MATH = YES;
				ONLY_ACTIVE_ARCH = YES;
				SDKROOT = macosx;
			};
			name = Debug;
		};
		4680A13B275A6EAE003A9EC5 /* Release */ = {
			isa = XCBuildConfiguration;
			buildSettings = {
				ALWAYS_SEARCH_USER_PATHS = NO;
				CLANG_ANALYZER_NONNULL = YES;
				CLANG_ANALYZER_NUMBER_OBJECT_CONVERSION = YES_AGGRESSIVE;
				CLANG_CXX_LANGUAGE_STANDARD = "gnu++14";
				CLANG_CXX_LIBRARY = "libc++";
				CLANG_ENABLE_MODULES = YES;
				CLANG_ENABLE_OBJC_ARC = YES;
				CLANG_ENABLE_OBJC_WEAK = YES;
				CLANG_WARN_BLOCK_CAPTURE_AUTORELEASING = YES;
				CLANG_WARN_BOOL_CONVERSION = YES;
				CLANG_WARN_COMMA = YES;
				CLANG_WARN_CONSTANT_CONVERSION = YES;
				CLANG_WARN_DEPRECATED_OBJC_IMPLEMENTATIONS = YES;
				CLANG_WARN_DIRECT_OBJC_ISA_USAGE = YES_ERROR;
				CLANG_WARN_DOCUMENTATION_COMMENTS = YES;
				CLANG_WARN_EMPTY_BODY = YES;
				CLANG_WARN_ENUM_CONVERSION = YES;
				CLANG_WARN_INFINITE_RECURSION = YES;
				CLANG_WARN_INT_CONVERSION = YES;
				CLANG_WARN_NON_LITERAL_NULL_CONVERSION = YES;
				CLANG_WARN_OBJC_IMPLICIT_RETAIN_SELF = YES;
				CLANG_WARN_OBJC_LITERAL_CONVERSION = YES;
				CLANG_WARN_OBJC_ROOT_CLASS = YES_ERROR;
				CLANG_WARN_RANGE_LOOP_ANALYSIS = YES;
				CLANG_WARN_STRICT_PROTOTYPES = YES;
				CLANG_WARN_SUSPICIOUS_MOVE = YES;
				CLANG_WARN_UNGUARDED_AVAILABILITY = YES_AGGRESSIVE;
				CLANG_WARN_UNREACHABLE_CODE = YES;
				CLANG_WARN__DUPLICATE_METHOD_MATCH = YES;
				COPY_PHASE_STRIP = NO;
				DEBUG_INFORMATION_FORMAT = "dwarf-with-dsym";
				ENABLE_NS_ASSERTIONS = NO;
				ENABLE_STRICT_OBJC_MSGSEND = YES;
				GCC_C_LANGUAGE_STANDARD = gnu11;
				GCC_NO_COMMON_BLOCKS = YES;
				GCC_WARN_64_TO_32_BIT_CONVERSION = YES;
				GCC_WARN_ABOUT_RETURN_TYPE = YES_ERROR;
				GCC_WARN_UNDECLARED_SELECTOR = YES;
				GCC_WARN_UNINITIALIZED_AUTOS = YES_AGGRESSIVE;
				GCC_WARN_UNUSED_FUNCTION = YES;
				GCC_WARN_UNUSED_VARIABLE = YES;
				MACOSX_DEPLOYMENT_TARGET = 10.14;
				MTL_ENABLE_DEBUG_INFO = NO;
				MTL_FAST_MATH = YES;
				SDKROOT = macosx;
			};
			name = Release;
		};
		4680A13D275A6EAE003A9EC5 /* Debug */ = {
			isa = XCBuildConfiguration;
			buildSettings = {
				CODE_SIGN_STYLE = Automatic;
				LIBRARY_SEARCH_PATHS = (
					"$(inherited)",
					"$(PROJECT_DIR)/cub3D/minilibx_mms",
				);
				PRODUCT_NAME = "$(TARGET_NAME)";
			};
			name = Debug;
		};
		4680A13E275A6EAE003A9EC5 /* Release */ = {
			isa = XCBuildConfiguration;
			buildSettings = {
				CODE_SIGN_STYLE = Automatic;
				LIBRARY_SEARCH_PATHS = (
					"$(inherited)",
					"$(PROJECT_DIR)/cub3D/minilibx_mms",
				);
				PRODUCT_NAME = "$(TARGET_NAME)";
			};
			name = Release;
		};
/* End XCBuildConfiguration section */

/* Begin XCConfigurationList section */
		4680A130275A6EAE003A9EC5 /* Build configuration list for PBXProject "cub3D" */ = {
			isa = XCConfigurationList;
			buildConfigurations = (
				4680A13A275A6EAE003A9EC5 /* Debug */,
				4680A13B275A6EAE003A9EC5 /* Release */,
			);
			defaultConfigurationIsVisible = 0;
			defaultConfigurationName = Release;
		};
		4680A13C275A6EAE003A9EC5 /* Build configuration list for PBXNativeTarget "cub3D" */ = {
			isa = XCConfigurationList;
			buildConfigurations = (
				4680A13D275A6EAE003A9EC5 /* Debug */,
				4680A13E275A6EAE003A9EC5 /* Release */,
			);
			defaultConfigurationIsVisible = 0;
			defaultConfigurationName = Release;
		};
/* End XCConfigurationList section */
	};
	rootObject = 4680A12D275A6EAE003A9EC5 /* Project object */;
}
